{
    "_readme": [
        "This file locks the dependencies of your project to a known state",
        "Read more about it at https://getcomposer.org/doc/01-basic-usage.md#composer-lock-the-lock-file",
        "This file is @generated automatically"
    ],
    "hash": "9104ae6dbf7eca374941497a9f5a1ec8",
    "content-hash": "a6c261830dbf93e1180a55c8f592f9ac",
    "packages": [
        {
            "name": "carica/io",
            "version": "dev-master",
            "source": {
                "type": "git",
                "url": "https://github.com/ThomasWeinert/carica-io.git",
                "reference": "1d412d25df71cd7823524b98cb14222fb4c407f3"
            },
            "dist": {
                "type": "zip",
                "url": "https://api.github.com/repos/ThomasWeinert/carica-io/zipball/1d412d25df71cd7823524b98cb14222fb4c407f3",
                "reference": "1d412d25df71cd7823524b98cb14222fb4c407f3",
                "shasum": ""
            },
            "require": {
                "php": ">=5.6"
            },
            "type": "library",
            "autoload": {
                "psr-4": {
                    "Carica\\Io\\": "src/"
                }
            },
            "notification-url": "https://packagist.org/downloads/",
            "license": [
                "MIT"
            ],
            "authors": [
                {
                    "name": "Thomas Weinert",
                    "email": "thomas@weinert.info"
                }
            ],
            "description": "Non blocking I/O for PHP",
            "homepage": "https://github.com/ThomasWeinert/carica-io",
            "keywords": [
                "asynchronous-io",
                "non-blocking-io"
            ],
            "time": "2016-07-18 20:06:46"
        }
    ],
    "packages-dev": [],
    "aliases": [],
    "minimum-stability": "stable",
    "stability-flags": {
        "carica/io": 20
    },
    "prefer-stable": false,
    "prefer-lowest": false,
    "platform": {
        "php": ">=5.6"
    },
    "platform-dev": []
}
